
Microsoft Visual Studio Solution File, Format Version 12.00
# Visual Studio Version 16
VisualStudioVersion = 16.0.29709.97
MinimumVisualStudioVersion = 10.0.40219.1
Project("{2150E333-8FDC-42A3-9474-1A3956D46DE8}") = "ExerciseTrackerDb", "ExerciseTrackerDb", "{96A70D2C-DDED-47A0-9E9C-289E6C73DCE9}"
	ProjectSection(SolutionItems) = preProject
		ExerciseTrackerDb\ExerciseTracker.db = ExerciseTrackerDb\ExerciseTracker.db
	EndProjectSection
EndProject
Project("{9A19103F-16F7-4668-BE54-9A1E7A4F7556}") = "ExerciseTracker", "ExerciseTracker\ExerciseTracker.csproj", "{198205A7-9294-4525-8AFC-828ED56FBC54}"
EndProject
Project("{9A19103F-16F7-4668-BE54-9A1E7A4F7556}") = "ExerciseTracker.DataAccess", "ExerciseTracker.DataAccess\ExerciseTracker.DataAccess.csproj", "{7537C1C9-B52E-4166-9FAB-A40CAA32E3FD}"
EndProject
Global
	GlobalSection(SolutionConfigurationPlatforms) = preSolution
		Debug|Any CPU = Debug|Any CPU
		Release|Any CPU = Release|Any CPU
	EndGlobalSection
	GlobalSection(ProjectConfigurationPlatforms) = postSolution
		{198205A7-9294-4525-8AFC-828ED56FBC54}.Debug|Any CPU.ActiveCfg = Debug|Any CPU
		{198205A7-9294-4525-8AFC-828ED56FBC54}.Debug|Any CPU.Build.0 = Debug|Any CPU
		{198205A7-9294-4525-8AFC-828ED56FBC54}.Release|Any CPU.ActiveCfg = Release|Any CPU
		{198205A7-9294-4525-8AFC-828ED56FBC54}.Release|Any CPU.Build.0 = Release|Any CPU
		{7537C1C9-B52E-4166-9FAB-A40CAA32E3FD}.Debug|Any CPU.ActiveCfg = Debug|Any CPU
		{7537C1C9-B52E-4166-9FAB-A40CAA32E3FD}.Debug|Any CPU.Build.0 = Debug|Any CPU
		{7537C1C9-B52E-4166-9FAB-A40CAA32E3FD}.Release|Any CPU.ActiveCfg = Release|Any CPU
		{7537C1C9-B52E-4166-9FAB-A40CAA32E3FD}.Release|Any CPU.Build.0 = Release|Any CPU
	EndGlobalSection
	GlobalSection(SolutionProperties) = preSolution
		HideSolutionNode = FALSE
	EndGlobalSection
	GlobalSection(ExtensibilityGlobals) = postSolution
		SolutionGuid = {A0BFC18A-BD7C-4974-A944-917AA03972FA}
	EndGlobalSection
EndGlobal
