
Microsoft Visual Studio Solution File, Format Version 12.00
# Visual Studio Version 16
VisualStudioVersion = 16.0.29709.97
MinimumVisualStudioVersion = 10.0.40219.1
Project("{9A19103F-16F7-4668-BE54-9A1E7A4F7556}") = "GymLogger", "GymLogger\GymLogger.csproj", "{66C05695-0FA9-4652-8CDB-37C3FC111597}"
EndProject
Project("{9A19103F-16F7-4668-BE54-9A1E7A4F7556}") = "GymLogger.DataAccess", "GymLogger.DataAccess\GymLogger.DataAccess.csproj", "{C6D8A5A0-6E73-4F13-8A02-8086E22D5CF8}"
EndProject
Project("{2150E333-8FDC-42A3-9474-1A3956D46DE8}") = "GymLoggerDb", "GymLoggerDb", "{96A70D2C-DDED-47A0-9E9C-289E6C73DCE9}"
	ProjectSection(SolutionItems) = preProject
		GymLoggerDb\GymLogger.db = GymLoggerDb\GymLogger.db
	EndProjectSection
EndProject
Global
	GlobalSection(SolutionConfigurationPlatforms) = preSolution
		Debug|Any CPU = Debug|Any CPU
		Release|Any CPU = Release|Any CPU
	EndGlobalSection
	GlobalSection(ProjectConfigurationPlatforms) = postSolution
		{66C05695-0FA9-4652-8CDB-37C3FC111597}.Debug|Any CPU.ActiveCfg = Debug|Any CPU
		{66C05695-0FA9-4652-8CDB-37C3FC111597}.Debug|Any CPU.Build.0 = Debug|Any CPU
		{66C05695-0FA9-4652-8CDB-37C3FC111597}.Release|Any CPU.ActiveCfg = Release|Any CPU
		{66C05695-0FA9-4652-8CDB-37C3FC111597}.Release|Any CPU.Build.0 = Release|Any CPU
		{C6D8A5A0-6E73-4F13-8A02-8086E22D5CF8}.Debug|Any CPU.ActiveCfg = Debug|Any CPU
		{C6D8A5A0-6E73-4F13-8A02-8086E22D5CF8}.Debug|Any CPU.Build.0 = Debug|Any CPU
		{C6D8A5A0-6E73-4F13-8A02-8086E22D5CF8}.Release|Any CPU.ActiveCfg = Release|Any CPU
		{C6D8A5A0-6E73-4F13-8A02-8086E22D5CF8}.Release|Any CPU.Build.0 = Release|Any CPU
	EndGlobalSection
	GlobalSection(SolutionProperties) = preSolution
		HideSolutionNode = FALSE
	EndGlobalSection
	GlobalSection(ExtensibilityGlobals) = postSolution
		SolutionGuid = {A0BFC18A-BD7C-4974-A944-917AA03972FA}
	EndGlobalSection
EndGlobal
